
Microsoft Visual Studio Solution File, Format Version 12.00
# Visual Studio Version 16
VisualStudioVersion = 16.0.29613.14
MinimumVisualStudioVersion = 10.0.40219.1
Project("{FAE04EC0-301F-11D3-BF4B-00C04F79EFBC}") = "InMemoryDatabase", "InMemoryDatabase\InMemoryDatabase.csproj", "{5E5AA2C4-8516-49ED-B33A-BBCBE4B2109F}"
EndProject
Project("{FAE04EC0-301F-11D3-BF4B-00C04F79EFBC}") = "InMemoryDatabase.Tests", "InMemoryDatabase.Tests\InMemoryDatabase.Tests.csproj", "{D8EEEE47-C7A9-4856-90EE-C54D56762810}"
EndProject
Global
	GlobalSection(SolutionConfigurationPlatforms) = preSolution
		Debug|Any CPU = Debug|Any CPU
		Release|Any CPU = Release|Any CPU
	EndGlobalSection
	GlobalSection(ProjectConfigurationPlatforms) = postSolution
		{5E5AA2C4-8516-49ED-B33A-BBCBE4B2109F}.Debug|Any CPU.ActiveCfg = Debug|Any CPU
		{5E5AA2C4-8516-49ED-B33A-BBCBE4B2109F}.Debug|Any CPU.Build.0 = Debug|Any CPU
		{5E5AA2C4-8516-49ED-B33A-BBCBE4B2109F}.Release|Any CPU.ActiveCfg = Release|Any CPU
		{5E5AA2C4-8516-49ED-B33A-BBCBE4B2109F}.Release|Any CPU.Build.0 = Release|Any CPU
		{D8EEEE47-C7A9-4856-90EE-C54D56762810}.Debug|Any CPU.ActiveCfg = Debug|Any CPU
		{D8EEEE47-C7A9-4856-90EE-C54D56762810}.Debug|Any CPU.Build.0 = Debug|Any CPU
		{D8EEEE47-C7A9-4856-90EE-C54D56762810}.Release|Any CPU.ActiveCfg = Release|Any CPU
		{D8EEEE47-C7A9-4856-90EE-C54D56762810}.Release|Any CPU.Build.0 = Release|Any CPU
	EndGlobalSection
	GlobalSection(SolutionProperties) = preSolution
		HideSolutionNode = FALSE
	EndGlobalSection
	GlobalSection(ExtensibilityGlobals) = postSolution
		SolutionGuid = {EC72B6BD-1FDD-4AF3-BB2C-A54956BF3DAF}
	EndGlobalSection
EndGlobal
